{
  "originHash" : "1e9359338481d70f9f287148c9865d34639c88dee8c8ef6e910956c67ad46256",
  "pins" : [
    {
      "identity" : "alamofire",
      "kind" : "remoteSourceControl",
      "location" : "https://github.com/Alamofire/Alamofire.git",
      "state" : {
        "revision" : "3dc6a42c7727c49bf26508e29b0a0b35f9c7e1ad",
        "version" : "5.8.1"
      }
    },
    {
      "identity" : "exceptioncatcher",
      "kind" : "remoteSourceControl",
      "location" : "https://github.com/sindresorhus/ExceptionCatcher",
      "state" : {
        "revision" : "3787f25119e1406b4c5e47fc654626a9d5d7e111",
        "version" : "1.1.0"
      }
    },
    {
      "identity" : "openssl",
      "kind" : "remoteSourceControl",
      "location" : "https://github.com/krzyzanowskim/OpenSSL.git",
      "state" : {
        "revision" : "84a8ae774291a4ab1971e42908d5114d98d4b623",
        "version" : "3.1.5004"
      }
    },
    {
      "identity" : "spm-uqudosdk",
      "kind" : "remoteSourceControl",
      "location" : "https://github.com/uqudo-io/SPM-UqudoSDK.git",
      "state" : {
        "revision" : "c45cd9ba73b85734ec0664b6469d658b478421f1",
        "version" : "3.1.2"
      }
    }
  ],
  "version" : 3
}
