{
  "pins" : [
    {
      "identity" : "alamofire",
      "kind" : "remoteSourceControl",
      "location" : "https://github.com/Alamofire/Alamofire.git",
      "state" : {
        "revision" : "3dc6a42c7727c49bf26508e29b0a0b35f9c7e1ad",
        "version" : "5.8.1"
      }
    },
    {
      "identity" : "openssl",
      "kind" : "remoteSourceControl",
      "location" : "https://github.com/krzyzanowskim/OpenSSL.git",
      "state" : {
        "revision" : "2fec2333eb8e8a6acd08bc95a6edf1c0f391c42f",
        "version" : "3.1.4000"
      }
    },
    {
      "identity" : "spm-uqudosdk",
      "kind" : "remoteSourceControl",
      "location" : "https://github.com/uqudo-io/SPM-UqudoSDK",
      "state" : {
        "revision" : "b1f9d0d41c0ac0630cc5614963a6d8cb052e80cb",
        "version" : "2.7.2"
      }
    }
  ],
  "version" : 2
}
