{
<<<<<<< Updated upstream
  "originHash" : "7f3fd94e7ecc1cedcc475b29d06521a590a19d5daaf2b115a510feb0c4899bec",
=======
  "originHash" : "87a1dd3f9dba27408d0cf4ec292da07a949275c1aa98238dcb26aa828227b5d1",
>>>>>>> Stashed changes
  "pins" : [
    {
      "identity" : "alamofire",
      "kind" : "remoteSourceControl",
      "location" : "https://github.com/Alamofire/Alamofire.git",
      "state" : {
        "revision" : "e16d3481f5ed35f0472cb93350085853d754913f",
        "version" : "5.10.1"
      }
    },
    {
      "identity" : "exceptioncatcher",
      "kind" : "remoteSourceControl",
      "location" : "https://github.com/sindresorhus/ExceptionCatcher",
      "state" : {
        "branch" : "main",
        "revision" : "81cf83b117ec368e2ebb7fbcd9f7a3deb115ab07"
      }
    },
    {
      "identity" : "jwtdecode.swift",
      "kind" : "remoteSourceControl",
      "location" : "https://github.com/auth0/JWTDecode.swift",
      "state" : {
        "revision" : "1e153ef009969543191970c66b7c60163c0b4a65",
        "version" : "3.2.0"
      }
    },
    {
      "identity" : "openssl",
      "kind" : "remoteSourceControl",
      "location" : "https://github.com/krzyzanowskim/OpenSSL.git",
      "state" : {
<<<<<<< Updated upstream
        "revision" : "8729614a93e6b20307db3c3359aed81f030facaa",
        "version" : "3.3.2000"
=======
        "revision" : "8cb1d641ab5ebce2cd7cf31c93baef07bed672d4",
        "version" : "1.1.2301"
>>>>>>> Stashed changes
      }
    },
    {
      "identity" : "spm-uqudosdk",
      "kind" : "remoteSourceControl",
      "location" : "https://github.com/uqudo-io/SPM-UqudoSDK.git",
      "state" : {
        "revision" : "cd1ced03e5170ab5b38be0125c6ac6d0368207de",
        "version" : "3.1.3"
      }
    }
  ],
  "version" : 3
}
